github.com/gin-gonic/gin v1.9.1 h1:4idEAncQnU5cB7BeOkPtxjfCSye0AAm1R0RVIqJ+Jmg=
github.com/gin-gonic/gin v1.9.1/go.mod h1:hPrL7YrpYKXt5YId3A/Tnip5kqbEAP+KLuI3SUcPTeU=
k8s.io/api v0.28.3 h1:Gj1HtbSdB4P08C8rs9AR94MfSGpRhJgsS+GF9V26xMM=
k8s.io/api v0.28.3/go.mod h1:MRCV/jr1dW87/qJnZ57U5Pak65LGmQVkKTzf3AtKFHc=
k8s.io/apimachinery v0.28.3 h1:B1wYx8txOaCQG0HmYF6nbpU8dg6HvA06x5tEffvOe7A=
k8s.io/apimachinery v0.28.3/go.mod h1:uQTKmIqs+rAYaq+DFaoD2X7pcjLOqbQX2AOiO0nIpb8=
k8s.io/client-go v0.28.3 h1:2OqNb72ZuTZPKCl+4gTKvqao0AMOl9f3o2ijbAj3LI4=
k8s.io/client-go v0.28.3/go.mod h1:LTykbBp9gsA7SwqirlCXBWtK0guzfhpoW4qSm7i9dxo=
